{"1.1.0",
[{<<"proper">>,{pkg,<<"proper">>,<<"1.2.0">>},0},
 {<<"zotonic_stdlib">>,{pkg,<<"zotonic_stdlib">>,<<"1.0.2">>},0}]}.
[
{pkg_hash,[
 {<<"proper">>, <<"1466492385959412A02871505434E72E92765958C60DBA144B43863554B505A4">>},
 {<<"zotonic_stdlib">>, <<"A9174EB6CD6CF9036A13BB4177DB425AF0522A3D9BEBD010AEABC21280DEE738">>}]}
].
